
Microsoft Visual Studio Solution File, Format Version 12.00
Project("{FAE04EC0-301F-11D3-BF4B-00C04F79EFBC}") = "03_LAB", "03_LAB\03_LAB.csproj", "{2C68AC2C-AD34-4B26-BD76-B9EA68A6136B}"
EndProject
Project("{FAE04EC0-301F-11D3-BF4B-00C04F79EFBC}") = "03_LabTest", "03_LabTest\03_LabTest.csproj", "{CFB16269-19A1-411B-A2BC-C920B1465FEF}"
EndProject
Global
	GlobalSection(SolutionConfigurationPlatforms) = preSolution
		Debug|Any CPU = Debug|Any CPU
		Release|Any CPU = Release|Any CPU
	EndGlobalSection
	GlobalSection(ProjectConfigurationPlatforms) = postSolution
		{2C68AC2C-AD34-4B26-BD76-B9EA68A6136B}.Debug|Any CPU.ActiveCfg = Debug|Any CPU
		{2C68AC2C-AD34-4B26-BD76-B9EA68A6136B}.Debug|Any CPU.Build.0 = Debug|Any CPU
		{2C68AC2C-AD34-4B26-BD76-B9EA68A6136B}.Release|Any CPU.ActiveCfg = Release|Any CPU
		{2C68AC2C-AD34-4B26-BD76-B9EA68A6136B}.Release|Any CPU.Build.0 = Release|Any CPU
		{CFB16269-19A1-411B-A2BC-C920B1465FEF}.Debug|Any CPU.ActiveCfg = Debug|Any CPU
		{CFB16269-19A1-411B-A2BC-C920B1465FEF}.Debug|Any CPU.Build.0 = Debug|Any CPU
		{CFB16269-19A1-411B-A2BC-C920B1465FEF}.Release|Any CPU.ActiveCfg = Release|Any CPU
		{CFB16269-19A1-411B-A2BC-C920B1465FEF}.Release|Any CPU.Build.0 = Release|Any CPU
	EndGlobalSection
EndGlobal
