
Microsoft Visual Studio Solution File, Format Version 12.00
# Visual Studio Version 16
VisualStudioVersion = 25.0.1706.14
MinimumVisualStudioVersion = 10.0.40219.1
Project("{FAE04EC0-301F-11D3-BF4B-00C04F79EFBC}") = "beadando_1", "beadando_1\beadando_1.csproj", "{4B704C73-8A29-432E-92BC-A0BF2F35DA10}"
EndProject
Global
	GlobalSection(SolutionConfigurationPlatforms) = preSolution
		Debug|Any CPU = Debug|Any CPU
		Release|Any CPU = Release|Any CPU
	EndGlobalSection
	GlobalSection(ProjectConfigurationPlatforms) = postSolution
		{4B704C73-8A29-432E-92BC-A0BF2F35DA10}.Debug|Any CPU.ActiveCfg = Debug|Any CPU
		{4B704C73-8A29-432E-92BC-A0BF2F35DA10}.Debug|Any CPU.Build.0 = Debug|Any CPU
		{4B704C73-8A29-432E-92BC-A0BF2F35DA10}.Release|Any CPU.ActiveCfg = Release|Any CPU
		{4B704C73-8A29-432E-92BC-A0BF2F35DA10}.Release|Any CPU.Build.0 = Release|Any CPU
	EndGlobalSection
	GlobalSection(SolutionProperties) = preSolution
		HideSolutionNode = FALSE
	EndGlobalSection
	GlobalSection(ExtensibilityGlobals) = postSolution
		SolutionGuid = {EEBF74DE-27E4-4F50-A0BD-258DF2C228FF}
	EndGlobalSection
EndGlobal
